
Microsoft Visual Studio Solution File, Format Version 12.00
# Visual Studio Version 17
VisualStudioVersion = 17.14.36511.14
MinimumVisualStudioVersion = 10.0.40219.1
Project("{2150E333-8FDC-42A3-9474-1A3956D46DE8}") = "Task0", "Task0", "{02EA681E-C7D8-13C7-8484-4AC65E1B71E8}"
EndProject
Project("{FAE04EC0-301F-11D3-BF4B-00C04F79EFBC}") = "Tyuiu.AytuvorovTK.Sprint2.Task0.V2.Lib", "Tyuiu.AytuvorovTK.Sprint2.Task0.V2.Lib\Tyuiu.AytuvorovTK.Sprint2.Task0.V2.Lib.csproj", "{17847B0C-1EB1-4A54-ACAC-A9513C424D00}"
EndProject
Project("{FAE04EC0-301F-11D3-BF4B-00C04F79EFBC}") = "Tyuiu.AytuvorovTK.Sprint2.Task0.V2", "Tyuiu.AytuvorovTK.Sprint2.Task0.V2\Tyuiu.AytuvorovTK.Sprint2.Task0.V2.csproj", "{B862A97F-049C-4B16-83EC-53C8A0F04235}"
EndProject
Project("{FAE04EC0-301F-11D3-BF4B-00C04F79EFBC}") = "Tyuiu.AytuvorovTK.Sprint2.Task0.V2.Test", "Tyuiu.AytuvorovTK.Sprint2.Task0.V2.Test\Tyuiu.AytuvorovTK.Sprint2.Task0.V2.Test.csproj", "{71C1D426-C6FA-4BD0-AEF7-4D051AC3F6A7}"
EndProject
Project("{2150E333-8FDC-42A3-9474-1A3956D46DE8}") = "Task1", "Task1", "{FB24007E-195E-4559-AC89-EB0FF40D6173}"
EndProject
Project("{FAE04EC0-301F-11D3-BF4B-00C04F79EFBC}") = "Tyuiu.AytuvorovTK.Sprint2.Task1.V16", "Tyuiu.AytuvorovTK.Sprint2.Task1.V16\Tyuiu.AytuvorovTK.Sprint2.Task1.V16.csproj", "{BB5EB4F9-4F18-429B-B10F-6283ACB24575}"
EndProject
Project("{FAE04EC0-301F-11D3-BF4B-00C04F79EFBC}") = "Tyuiu.AytuvorovTK.Sprint2.Task1.V16.Lib", "Tyuiu.AytuvorovTK.Sprint2.Task1.V16.Lib\Tyuiu.AytuvorovTK.Sprint2.Task1.V16.Lib.csproj", "{A9944EE0-8E0D-44AD-9E7D-B17F9B9DF3B7}"
EndProject
Project("{FAE04EC0-301F-11D3-BF4B-00C04F79EFBC}") = "Tyuiu.AytuvorovTK.Sprint2.Task1.V16.Test", "Tyuiu.AytuvorovTK.Sprint2.Task1.V16.Test\Tyuiu.AytuvorovTK.Sprint2.Task1.V16.Test.csproj", "{A868EBF1-5766-434D-9735-EBB57C7E3169}"
EndProject
Project("{2150E333-8FDC-42A3-9474-1A3956D46DE8}") = "Task2", "Task2", "{5CB86723-76EA-48B0-827E-49885C10283C}"
EndProject
Project("{FAE04EC0-301F-11D3-BF4B-00C04F79EFBC}") = "Tyuiu.AytuvorovTK.Sprint2.Task2.V25", "Tyuiu.AytuvorovTK.Sprint2.Task2.V25\Tyuiu.AytuvorovTK.Sprint2.Task2.V25.csproj", "{06CEB45E-FA81-4DC1-B0EF-E23A7F796545}"
EndProject
Project("{FAE04EC0-301F-11D3-BF4B-00C04F79EFBC}") = "Tyuiu.AytuvorovTK.Sprint2.Task2.V25.Lib", "Tyuiu.AytuvorovTK.Sprint2.Task2.V25.Lib\Tyuiu.AytuvorovTK.Sprint2.Task2.V25.Lib.csproj", "{1312CEAE-B91F-41B8-ADFA-44E6A4F3592D}"
EndProject
Project("{FAE04EC0-301F-11D3-BF4B-00C04F79EFBC}") = "Tyuiu.AytuvorovTK.Sprint2.Task2.V25.Test", "Tyuiu.AytuvorovTK.Sprint2.Task2.V25.Test\Tyuiu.AytuvorovTK.Sprint2.Task2.V25.Test.csproj", "{882D07D1-F2BE-4A68-9452-3ADD90A9368C}"
EndProject
Project("{2150E333-8FDC-42A3-9474-1A3956D46DE8}") = "Task3", "Task3", "{F9A2F124-138C-4BD9-9D95-4A7FA89A89DB}"
EndProject
Project("{FAE04EC0-301F-11D3-BF4B-00C04F79EFBC}") = "Tyuiu.AytuvorovTK.Sprint2.Task3.V30", "Tyuiu.AytuvorovTK.Sprint2.Task3.V30\Tyuiu.AytuvorovTK.Sprint2.Task3.V30.csproj", "{BF4AC1DD-ECA3-4BB8-9A30-12B611B1A691}"
EndProject
Project("{FAE04EC0-301F-11D3-BF4B-00C04F79EFBC}") = "Tyuiu.AytuvorovTK.Sprint2.Task3.V30.Lib", "Tyuiu.AytuvorovTK.Sprint2.Task3.V30.Lib\Tyuiu.AytuvorovTK.Sprint2.Task3.V30.Lib.csproj", "{791C9631-BD0E-4B80-8EBA-60FBB599BA20}"
EndProject
Project("{FAE04EC0-301F-11D3-BF4B-00C04F79EFBC}") = "Tyuiu.AytuvorovTK.Sprint2.Task3.V30.Test", "Tyuiu.AytuvorovTK.Sprint2.Task3.V30.Test\Tyuiu.AytuvorovTK.Sprint2.Task3.V30.Test.csproj", "{BA56DB0F-C454-4D68-A9BC-46D1E79DFAD3}"
EndProject
Project("{2150E333-8FDC-42A3-9474-1A3956D46DE8}") = "Task4", "Task4", "{1F99B956-71E4-4875-B610-D439D3CAE6D9}"
EndProject
Project("{FAE04EC0-301F-11D3-BF4B-00C04F79EFBC}") = "Tyuiu.AytuvorovTK.Sprint2.Task4.V10", "Tyuiu.AytuvorovTK.Sprint2.Task4.V10\Tyuiu.AytuvorovTK.Sprint2.Task4.V10.csproj", "{D043A392-8354-4F84-B303-433F00A8D1FF}"
EndProject
Project("{FAE04EC0-301F-11D3-BF4B-00C04F79EFBC}") = "Tyuiu.AytuvorovTK.Sprint2.Task4.V10.Lib", "Tyuiu.AytuvorovTK.Sprint2.Task4.V10.Lib\Tyuiu.AytuvorovTK.Sprint2.Task4.V10.Lib.csproj", "{4296EDCF-58AC-4D89-8E6A-D09D42B80D6C}"
EndProject
Project("{FAE04EC0-301F-11D3-BF4B-00C04F79EFBC}") = "Tyuiu.AytuvorovTK.Sprint2.Task4.V10.Test", "Tyuiu.AytuvorovTK.Sprint2.Task4.V10.Test\Tyuiu.AytuvorovTK.Sprint2.Task4.V10.Test.csproj", "{9234072D-C678-4B82-A12B-F1E5C88D02BC}"
EndProject
Project("{2150E333-8FDC-42A3-9474-1A3956D46DE8}") = "Task5", "Task5", "{7B105BAE-41E0-49A5-BF53-1C5475F0C2E1}"
EndProject
Project("{FAE04EC0-301F-11D3-BF4B-00C04F79EFBC}") = "Tyuiu.AytuvorovTK.Sprint2.Task5.V14", "Tyuiu.AytuvorovTK.Sprint2.Task5.V14\Tyuiu.AytuvorovTK.Sprint2.Task5.V14.csproj", "{EA0D6A54-BCE0-46FB-ABE3-DCDFCCF80B5F}"
EndProject
Project("{FAE04EC0-301F-11D3-BF4B-00C04F79EFBC}") = "Tyuiu.AytuvorovTK.Sprint2.Task5.V14.Lib", "Tyuiu.AytuvorovTK.Sprint2.Task5.V14.Lib\Tyuiu.AytuvorovTK.Sprint2.Task5.V14.Lib.csproj", "{3071D25F-19B1-4966-A519-CD73B665826E}"
EndProject
Project("{FAE04EC0-301F-11D3-BF4B-00C04F79EFBC}") = "Tyuiu.AytuvorovTK.Sprint2.Task5.V14.Test", "Tyuiu.AytuvorovTK.Sprint2.Task5.V14.Test\Tyuiu.AytuvorovTK.Sprint2.Task5.V14.Test.csproj", "{A3C673BC-8E43-490D-9463-8F153AF14959}"
EndProject
Global
	GlobalSection(SolutionConfigurationPlatforms) = preSolution
		Debug|Any CPU = Debug|Any CPU
		Release|Any CPU = Release|Any CPU
	EndGlobalSection
	GlobalSection(ProjectConfigurationPlatforms) = postSolution
		{17847B0C-1EB1-4A54-ACAC-A9513C424D00}.Debug|Any CPU.ActiveCfg = Debug|Any CPU
		{17847B0C-1EB1-4A54-ACAC-A9513C424D00}.Debug|Any CPU.Build.0 = Debug|Any CPU
		{17847B0C-1EB1-4A54-ACAC-A9513C424D00}.Release|Any CPU.ActiveCfg = Release|Any CPU
		{17847B0C-1EB1-4A54-ACAC-A9513C424D00}.Release|Any CPU.Build.0 = Release|Any CPU
		{B862A97F-049C-4B16-83EC-53C8A0F04235}.Debug|Any CPU.ActiveCfg = Debug|Any CPU
		{B862A97F-049C-4B16-83EC-53C8A0F04235}.Debug|Any CPU.Build.0 = Debug|Any CPU
		{B862A97F-049C-4B16-83EC-53C8A0F04235}.Release|Any CPU.ActiveCfg = Release|Any CPU
		{B862A97F-049C-4B16-83EC-53C8A0F04235}.Release|Any CPU.Build.0 = Release|Any CPU
		{71C1D426-C6FA-4BD0-AEF7-4D051AC3F6A7}.Debug|Any CPU.ActiveCfg = Debug|Any CPU
		{71C1D426-C6FA-4BD0-AEF7-4D051AC3F6A7}.Debug|Any CPU.Build.0 = Debug|Any CPU
		{71C1D426-C6FA-4BD0-AEF7-4D051AC3F6A7}.Release|Any CPU.ActiveCfg = Release|Any CPU
		{71C1D426-C6FA-4BD0-AEF7-4D051AC3F6A7}.Release|Any CPU.Build.0 = Release|Any CPU
		{BB5EB4F9-4F18-429B-B10F-6283ACB24575}.Debug|Any CPU.ActiveCfg = Debug|Any CPU
		{BB5EB4F9-4F18-429B-B10F-6283ACB24575}.Debug|Any CPU.Build.0 = Debug|Any CPU
		{BB5EB4F9-4F18-429B-B10F-6283ACB24575}.Release|Any CPU.ActiveCfg = Release|Any CPU
		{BB5EB4F9-4F18-429B-B10F-6283ACB24575}.Release|Any CPU.Build.0 = Release|Any CPU
		{A9944EE0-8E0D-44AD-9E7D-B17F9B9DF3B7}.Debug|Any CPU.ActiveCfg = Debug|Any CPU
		{A9944EE0-8E0D-44AD-9E7D-B17F9B9DF3B7}.Debug|Any CPU.Build.0 = Debug|Any CPU
		{A9944EE0-8E0D-44AD-9E7D-B17F9B9DF3B7}.Release|Any CPU.ActiveCfg = Release|Any CPU
		{A9944EE0-8E0D-44AD-9E7D-B17F9B9DF3B7}.Release|Any CPU.Build.0 = Release|Any CPU
		{A868EBF1-5766-434D-9735-EBB57C7E3169}.Debug|Any CPU.ActiveCfg = Debug|Any CPU
		{A868EBF1-5766-434D-9735-EBB57C7E3169}.Debug|Any CPU.Build.0 = Debug|Any CPU
		{A868EBF1-5766-434D-9735-EBB57C7E3169}.Release|Any CPU.ActiveCfg = Release|Any CPU
		{A868EBF1-5766-434D-9735-EBB57C7E3169}.Release|Any CPU.Build.0 = Release|Any CPU
		{06CEB45E-FA81-4DC1-B0EF-E23A7F796545}.Debug|Any CPU.ActiveCfg = Debug|Any CPU
		{06CEB45E-FA81-4DC1-B0EF-E23A7F796545}.Debug|Any CPU.Build.0 = Debug|Any CPU
		{06CEB45E-FA81-4DC1-B0EF-E23A7F796545}.Release|Any CPU.ActiveCfg = Release|Any CPU
		{06CEB45E-FA81-4DC1-B0EF-E23A7F796545}.Release|Any CPU.Build.0 = Release|Any CPU
		{1312CEAE-B91F-41B8-ADFA-44E6A4F3592D}.Debug|Any CPU.ActiveCfg = Debug|Any CPU
		{1312CEAE-B91F-41B8-ADFA-44E6A4F3592D}.Debug|Any CPU.Build.0 = Debug|Any CPU
		{1312CEAE-B91F-41B8-ADFA-44E6A4F3592D}.Release|Any CPU.ActiveCfg = Release|Any CPU
		{1312CEAE-B91F-41B8-ADFA-44E6A4F3592D}.Release|Any CPU.Build.0 = Release|Any CPU
		{882D07D1-F2BE-4A68-9452-3ADD90A9368C}.Debug|Any CPU.ActiveCfg = Debug|Any CPU
		{882D07D1-F2BE-4A68-9452-3ADD90A9368C}.Debug|Any CPU.Build.0 = Debug|Any CPU
		{882D07D1-F2BE-4A68-9452-3ADD90A9368C}.Release|Any CPU.ActiveCfg = Release|Any CPU
		{882D07D1-F2BE-4A68-9452-3ADD90A9368C}.Release|Any CPU.Build.0 = Release|Any CPU
		{BF4AC1DD-ECA3-4BB8-9A30-12B611B1A691}.Debug|Any CPU.ActiveCfg = Debug|Any CPU
		{BF4AC1DD-ECA3-4BB8-9A30-12B611B1A691}.Debug|Any CPU.Build.0 = Debug|Any CPU
		{BF4AC1DD-ECA3-4BB8-9A30-12B611B1A691}.Release|Any CPU.ActiveCfg = Release|Any CPU
		{BF4AC1DD-ECA3-4BB8-9A30-12B611B1A691}.Release|Any CPU.Build.0 = Release|Any CPU
		{791C9631-BD0E-4B80-8EBA-60FBB599BA20}.Debug|Any CPU.ActiveCfg = Debug|Any CPU
		{791C9631-BD0E-4B80-8EBA-60FBB599BA20}.Debug|Any CPU.Build.0 = Debug|Any CPU
		{791C9631-BD0E-4B80-8EBA-60FBB599BA20}.Release|Any CPU.ActiveCfg = Release|Any CPU
		{791C9631-BD0E-4B80-8EBA-60FBB599BA20}.Release|Any CPU.Build.0 = Release|Any CPU
		{BA56DB0F-C454-4D68-A9BC-46D1E79DFAD3}.Debug|Any CPU.ActiveCfg = Debug|Any CPU
		{BA56DB0F-C454-4D68-A9BC-46D1E79DFAD3}.Debug|Any CPU.Build.0 = Debug|Any CPU
		{BA56DB0F-C454-4D68-A9BC-46D1E79DFAD3}.Release|Any CPU.ActiveCfg = Release|Any CPU
		{BA56DB0F-C454-4D68-A9BC-46D1E79DFAD3}.Release|Any CPU.Build.0 = Release|Any CPU
		{D043A392-8354-4F84-B303-433F00A8D1FF}.Debug|Any CPU.ActiveCfg = Debug|Any CPU
		{D043A392-8354-4F84-B303-433F00A8D1FF}.Debug|Any CPU.Build.0 = Debug|Any CPU
		{D043A392-8354-4F84-B303-433F00A8D1FF}.Release|Any CPU.ActiveCfg = Release|Any CPU
		{D043A392-8354-4F84-B303-433F00A8D1FF}.Release|Any CPU.Build.0 = Release|Any CPU
		{4296EDCF-58AC-4D89-8E6A-D09D42B80D6C}.Debug|Any CPU.ActiveCfg = Debug|Any CPU
		{4296EDCF-58AC-4D89-8E6A-D09D42B80D6C}.Debug|Any CPU.Build.0 = Debug|Any CPU
		{4296EDCF-58AC-4D89-8E6A-D09D42B80D6C}.Release|Any CPU.ActiveCfg = Release|Any CPU
		{4296EDCF-58AC-4D89-8E6A-D09D42B80D6C}.Release|Any CPU.Build.0 = Release|Any CPU
		{9234072D-C678-4B82-A12B-F1E5C88D02BC}.Debug|Any CPU.ActiveCfg = Debug|Any CPU
		{9234072D-C678-4B82-A12B-F1E5C88D02BC}.Debug|Any CPU.Build.0 = Debug|Any CPU
		{9234072D-C678-4B82-A12B-F1E5C88D02BC}.Release|Any CPU.ActiveCfg = Release|Any CPU
		{9234072D-C678-4B82-A12B-F1E5C88D02BC}.Release|Any CPU.Build.0 = Release|Any CPU
		{EA0D6A54-BCE0-46FB-ABE3-DCDFCCF80B5F}.Debug|Any CPU.ActiveCfg = Debug|Any CPU
		{EA0D6A54-BCE0-46FB-ABE3-DCDFCCF80B5F}.Debug|Any CPU.Build.0 = Debug|Any CPU
		{EA0D6A54-BCE0-46FB-ABE3-DCDFCCF80B5F}.Release|Any CPU.ActiveCfg = Release|Any CPU
		{EA0D6A54-BCE0-46FB-ABE3-DCDFCCF80B5F}.Release|Any CPU.Build.0 = Release|Any CPU
		{3071D25F-19B1-4966-A519-CD73B665826E}.Debug|Any CPU.ActiveCfg = Debug|Any CPU
		{3071D25F-19B1-4966-A519-CD73B665826E}.Debug|Any CPU.Build.0 = Debug|Any CPU
		{3071D25F-19B1-4966-A519-CD73B665826E}.Release|Any CPU.ActiveCfg = Release|Any CPU
		{3071D25F-19B1-4966-A519-CD73B665826E}.Release|Any CPU.Build.0 = Release|Any CPU
		{A3C673BC-8E43-490D-9463-8F153AF14959}.Debug|Any CPU.ActiveCfg = Debug|Any CPU
		{A3C673BC-8E43-490D-9463-8F153AF14959}.Debug|Any CPU.Build.0 = Debug|Any CPU
		{A3C673BC-8E43-490D-9463-8F153AF14959}.Release|Any CPU.ActiveCfg = Release|Any CPU
		{A3C673BC-8E43-490D-9463-8F153AF14959}.Release|Any CPU.Build.0 = Release|Any CPU
	EndGlobalSection
	GlobalSection(SolutionProperties) = preSolution
		HideSolutionNode = FALSE
	EndGlobalSection
	GlobalSection(NestedProjects) = preSolution
		{17847B0C-1EB1-4A54-ACAC-A9513C424D00} = {02EA681E-C7D8-13C7-8484-4AC65E1B71E8}
		{B862A97F-049C-4B16-83EC-53C8A0F04235} = {02EA681E-C7D8-13C7-8484-4AC65E1B71E8}
		{71C1D426-C6FA-4BD0-AEF7-4D051AC3F6A7} = {02EA681E-C7D8-13C7-8484-4AC65E1B71E8}
		{BB5EB4F9-4F18-429B-B10F-6283ACB24575} = {FB24007E-195E-4559-AC89-EB0FF40D6173}
		{A9944EE0-8E0D-44AD-9E7D-B17F9B9DF3B7} = {FB24007E-195E-4559-AC89-EB0FF40D6173}
		{A868EBF1-5766-434D-9735-EBB57C7E3169} = {FB24007E-195E-4559-AC89-EB0FF40D6173}
		{06CEB45E-FA81-4DC1-B0EF-E23A7F796545} = {5CB86723-76EA-48B0-827E-49885C10283C}
		{1312CEAE-B91F-41B8-ADFA-44E6A4F3592D} = {5CB86723-76EA-48B0-827E-49885C10283C}
		{882D07D1-F2BE-4A68-9452-3ADD90A9368C} = {5CB86723-76EA-48B0-827E-49885C10283C}
		{BF4AC1DD-ECA3-4BB8-9A30-12B611B1A691} = {F9A2F124-138C-4BD9-9D95-4A7FA89A89DB}
		{791C9631-BD0E-4B80-8EBA-60FBB599BA20} = {F9A2F124-138C-4BD9-9D95-4A7FA89A89DB}
		{BA56DB0F-C454-4D68-A9BC-46D1E79DFAD3} = {F9A2F124-138C-4BD9-9D95-4A7FA89A89DB}
		{D043A392-8354-4F84-B303-433F00A8D1FF} = {1F99B956-71E4-4875-B610-D439D3CAE6D9}
		{4296EDCF-58AC-4D89-8E6A-D09D42B80D6C} = {1F99B956-71E4-4875-B610-D439D3CAE6D9}
		{9234072D-C678-4B82-A12B-F1E5C88D02BC} = {1F99B956-71E4-4875-B610-D439D3CAE6D9}
		{EA0D6A54-BCE0-46FB-ABE3-DCDFCCF80B5F} = {7B105BAE-41E0-49A5-BF53-1C5475F0C2E1}
		{3071D25F-19B1-4966-A519-CD73B665826E} = {7B105BAE-41E0-49A5-BF53-1C5475F0C2E1}
		{A3C673BC-8E43-490D-9463-8F153AF14959} = {7B105BAE-41E0-49A5-BF53-1C5475F0C2E1}
	EndGlobalSection
	GlobalSection(ExtensibilityGlobals) = postSolution
		SolutionGuid = {68494ED6-3AE0-4C66-A22B-4941776FCAD9}
	EndGlobalSection
EndGlobal
